{
  "lockfileVersion": 1,
  "workspaces": {
    "": {
      "dependencies": {
        "daisyui": "latest",
        "tailwindcss": "^4",
      },
    },
  },
  "packages": {
    "daisyui": ["daisyui@5.0.43", "", {}, "sha512-2pshHJ73vetSpsbAyaOncGnNYL0mwvgseS1EWy1I9Qpw8D11OuBoDNIWrPIME4UFcq2xuff3A9x+eXbuFR9fUQ=="],

    "tailwindcss": ["tailwindcss@4.1.8", "", {}, "sha512-kjeW8gjdxasbmFKpVGrGd5T4i40mV5J2Rasw48QARfYeQ8YS9x02ON9SFWax3Qf616rt4Cp3nVNIj6Hd1mP3og=="],
  }
}
